<Solution>
  <Configurations>
    <Platform Name="x64" />
    <Platform Name="x86" />
  </Configurations>
  <Project Path="../Class 2th (Class)/Class 2th (Class).vcxproj" Id="2bdf5875-4037-4fb6-9406-5184539d1d9f" />
  <Project Path="../Class 6th (Abstract)/Class 6th (Abstract).vcxproj" Id="25227ee2-68ca-489d-878e-0879145fe0b2" />
  <Project Path="../Class10th (Linear Container)/Class10th (Linear Container).vcxproj" Id="f114ab56-f9c8-4e3a-b99b-dc3128362ca2" />
  <Project Path="../Class11th (Container Adapter)/Class11th (Container Adapter).vcxproj" Id="09842c48-ab89-456d-9b35-d6b005574b0a" />
  <Project Path="../Class12th (Associated Container)/Class12th (Associated Container).vcxproj" Id="db302bfd-6de4-4add-8c70-a4c60c270888" />
  <Project Path="../Class1th (Stream)/Class1th (Stream).vcxproj" Id="fdc2ed86-a892-4c2a-92ec-2c28f229ddf2" />
  <Project Path="../Class3th (Constructor &amp; Destructor)/Class3th (Constructor &amp; Destructor).vcxproj" Id="9934ea97-b689-4274-b1fc-3ff9f0ab548c" />
  <Project Path="../Class4th (Inheritance)/Class4th (Inheritance).vcxproj" Id="a59e55c2-2b91-4740-8439-f9ca03ff6fb2" />
  <Project Path="../Class5th (Polymorphism)/Class5th (Polymorphism).vcxproj" Id="d306130b-728b-4ded-9f7d-9cb812e4f751" />
  <Project Path="../Class7th (Encapsulation)/Class7th (Encapsulation).vcxproj" Id="e87dc1e0-a40f-431d-b9e8-48ef624d6071" />
  <Project Path="../Class8th (Template)/Class8th (Template).vcxproj" Id="b50f3308-7a6c-46aa-a1e2-de2ea94439a4" />
  <Project Path="../Class9th (Smart Pointer)/Class9th (Smart Pointer).vcxproj" Id="4b7fc182-a24a-4bd6-bd1e-0c5a7ba52c45" />
  <Project Path="Program.vcxproj" Id="54aa3ac6-1eae-48f2-8259-9745b4f78a32" />
</Solution>
